// !$*UTF8*$!
{
	archiveVersion = 1;
	classes = {
	};
	objectVersion = 46;
	objects = {

/* Begin PBXAggregateTarget section */
		450A4B761A31B293001D9577 /* documentation */ = {
			isa = PBXAggregateTarget;
			buildConfigurationList = 450A4B791A31B293001D9577 /* Build configuration list for PBXAggregateTarget "documentation" */;
			buildPhases = (
				450A4B7B1A31B2B6001D9577 /* ShellScript */,
			);
			dependencies = (
			);
			name = documentation;
			productName = documentation;
		};
		45E284051A8E3473007F5D85 /* universaldynamicframework */ = {
			isa = PBXAggregateTarget;
			buildConfigurationList = 45E284081A8E3473007F5D85 /* Build configuration list for PBXAggregateTarget "universaldynamicframework" */;
			buildPhases = (
				45E284091A8E347B007F5D85 /* ShellScript */,
			);
			dependencies = (
			);
			name = universaldynamicframework;
			productName = universaldynamicframework;
		};
/* End PBXAggregateTarget section */

/* Begin PBXBuildFile section */
		07316440179530CA00930FCE /* MIQTestingFramework.framework in Frameworks */ = {isa = PBXBuildFile; fileRef = 0731643F179530CA00930FCE /* MIQTestingFramework.framework */; };
		0731648C17967ECC00930FCE /* DHDateFormatterTests.m in Sources */ = {isa = PBXBuildFile; fileRef = 0731648B17967ECC00930FCE /* DHDateFormatterTests.m */; };
		07632177179409CA00846D0D /* UIKit.framework in Frameworks */ = {isa = PBXBuildFile; fileRef = 07632176179409CA00846D0D /* UIKit.framework */; };
		07632179179409CA00846D0D /* Foundation.framework in Frameworks */ = {isa = PBXBuildFile; fileRef = 07632178179409CA00846D0D /* Foundation.framework */; };
		0763217B179409CA00846D0D /* CoreGraphics.framework in Frameworks */ = {isa = PBXBuildFile; fileRef = 0763217A179409CA00846D0D /* CoreGraphics.framework */; };
		07632181179409CA00846D0D /* InfoPlist.strings in Resources */ = {isa = PBXBuildFile; fileRef = 0763217F179409CA00846D0D /* InfoPlist.strings */; };
		07632183179409CA00846D0D /* main.m in Sources */ = {isa = PBXBuildFile; fileRef = 07632182179409CA00846D0D /* main.m */; };
		07632189179409CA00846D0D /* Default.png in Resources */ = {isa = PBXBuildFile; fileRef = 07632188179409CA00846D0D /* Default.png */; };
		0763218B179409CA00846D0D /* Default@2x.png in Resources */ = {isa = PBXBuildFile; fileRef = 0763218A179409CA00846D0D /* Default@2x.png */; };
		0763218D179409CA00846D0D /* Default-568h@2x.png in Resources */ = {isa = PBXBuildFile; fileRef = 0763218C179409CA00846D0D /* Default-568h@2x.png */; };
		07632196179409CA00846D0D /* DHMasterViewController.xib in Resources */ = {isa = PBXBuildFile; fileRef = 07632194179409CA00846D0D /* DHMasterViewController.xib */; };
		07632199179409CA00846D0D /* DHDetailViewController.xib in Resources */ = {isa = PBXBuildFile; fileRef = 07632197179409CA00846D0D /* DHDetailViewController.xib */; };
		076321A2179409CA00846D0D /* UIKit.framework in Frameworks */ = {isa = PBXBuildFile; fileRef = 07632176179409CA00846D0D /* UIKit.framework */; };
		076321A3179409CA00846D0D /* Foundation.framework in Frameworks */ = {isa = PBXBuildFile; fileRef = 07632178179409CA00846D0D /* Foundation.framework */; };
		076321AB179409CA00846D0D /* InfoPlist.strings in Resources */ = {isa = PBXBuildFile; fileRef = 076321A9179409CA00846D0D /* InfoPlist.strings */; };
		076321BE17940C5700846D0D /* DHDetailViewController.m in Sources */ = {isa = PBXBuildFile; fileRef = 076321BB17940C5700846D0D /* DHDetailViewController.m */; };
		076321BF17940C5700846D0D /* DHMasterViewController.m in Sources */ = {isa = PBXBuildFile; fileRef = 076321BD17940C5700846D0D /* DHMasterViewController.m */; };
		076321C217940C6200846D0D /* DHAppDelegate.m in Sources */ = {isa = PBXBuildFile; fileRef = 076321C117940C6200846D0D /* DHAppDelegate.m */; };
		076321E317940E0B00846D0D /* DHNotificationsTest.m in Sources */ = {isa = PBXBuildFile; fileRef = 076321E217940E0B00846D0D /* DHNotificationsTest.m */; };
		07800DBD17AFDC8B00E6020B /* SystemConfiguration.framework in Frameworks */ = {isa = PBXBuildFile; fileRef = 96B8516C17A25B0A0057D482 /* SystemConfiguration.framework */; };
		07C9CC3817B0F78E00802E74 /* Images.xcassets in Resources */ = {isa = PBXBuildFile; fileRef = 07C9CC3717B0F78E00802E74 /* Images.xcassets */; };
		450A4B961A36EC5D001D9577 /* DHPrepareForSegueTests.m in Sources */ = {isa = PBXBuildFile; fileRef = 450A4B951A36EC5D001D9577 /* DHPrepareForSegueTests.m */; };
		454C84671A485A5500DC63B5 /* DHFoundation.h in Headers */ = {isa = PBXBuildFile; fileRef = 454C84661A485A5500DC63B5 /* DHFoundation.h */; settings = {ATTRIBUTES = (Public, ); }; };
		454C84791A485A5600DC63B5 /* DHFoundation.framework in Frameworks */ = {isa = PBXBuildFile; fileRef = 454C84621A485A5500DC63B5 /* DHFoundation.framework */; };
		454C847A1A485A5600DC63B5 /* DHFoundation.framework in Embed Frameworks */ = {isa = PBXBuildFile; fileRef = 454C84621A485A5500DC63B5 /* DHFoundation.framework */; settings = {ATTRIBUTES = (CodeSignOnCopy, RemoveHeadersOnCopy, ); }; };
		454C84821A485A7C00DC63B5 /* UIViewController+DHPrepareSegue.h in Headers */ = {isa = PBXBuildFile; fileRef = 450A4B971A36EC64001D9577 /* UIViewController+DHPrepareSegue.h */; settings = {ATTRIBUTES = (Public, ); }; };
		454C84831A485A7C00DC63B5 /* UIViewController+DHPrepareSegue.m in Sources */ = {isa = PBXBuildFile; fileRef = 450A4B981A36EC64001D9577 /* UIViewController+DHPrepareSegue.m */; };
		454C84841A485A8400DC63B5 /* DHConfiguration.h in Headers */ = {isa = PBXBuildFile; fileRef = 45DE09601A1A5771008EC57A /* DHConfiguration.h */; settings = {ATTRIBUTES = (Public, ); }; };
		454C84851A485A8400DC63B5 /* DHConfiguration.m in Sources */ = {isa = PBXBuildFile; fileRef = 45DE09611A1A5771008EC57A /* DHConfiguration.m */; };
		454C84861A485A8D00DC63B5 /* DHReachability.h in Headers */ = {isa = PBXBuildFile; fileRef = 96B8516817A25A470057D482 /* DHReachability.h */; settings = {ATTRIBUTES = (Public, ); }; };
		454C84871A485A9200DC63B5 /* DHReachability.m in Sources */ = {isa = PBXBuildFile; fileRef = 96B8516917A25A470057D482 /* DHReachability.m */; };
		454C84881A485A9600DC63B5 /* DHReachabilityEventHandler.m in Sources */ = {isa = PBXBuildFile; fileRef = 96B8516F17A260300057D482 /* DHReachabilityEventHandler.m */; };
		454C84891A485A9900DC63B5 /* DHReachabilityEventHandler.h in Headers */ = {isa = PBXBuildFile; fileRef = 96B8516E17A260300057D482 /* DHReachabilityEventHandler.h */; settings = {ATTRIBUTES = (Public, ); }; };
		454C848A1A485A9F00DC63B5 /* NSCache+Subscripting.h in Headers */ = {isa = PBXBuildFile; fileRef = 07316492179681DA00930FCE /* NSCache+Subscripting.h */; settings = {ATTRIBUTES = (Public, ); }; };
		454C848B1A485AA400DC63B5 /* NSCache+Subscripting.m in Sources */ = {isa = PBXBuildFile; fileRef = 07316493179681DA00930FCE /* NSCache+Subscripting.m */; };
		454C848C1A485AA900DC63B5 /* NSDate+Rails.h in Headers */ = {isa = PBXBuildFile; fileRef = 0731646A17955B9500930FCE /* NSDate+Rails.h */; settings = {ATTRIBUTES = (Public, ); }; };
		454C848D1A485AB000DC63B5 /* NSDate+Rails.m in Sources */ = {isa = PBXBuildFile; fileRef = 0731646B17955B9500930FCE /* NSDate+Rails.m */; };
		454C848E1A485AB400DC63B5 /* NSDateFormatter+Formatters.h in Headers */ = {isa = PBXBuildFile; fileRef = 0731648717967EB200930FCE /* NSDateFormatter+Formatters.h */; settings = {ATTRIBUTES = (Public, ); }; };
		454C848F1A485AB800DC63B5 /* NSDateFormatter+Formatters.m in Sources */ = {isa = PBXBuildFile; fileRef = 0731648817967EB200930FCE /* NSDateFormatter+Formatters.m */; };
		454C84901A485ABC00DC63B5 /* NSData+JSONDeserialise.h in Headers */ = {isa = PBXBuildFile; fileRef = 0731646117955A0900930FCE /* NSData+JSONDeserialise.h */; settings = {ATTRIBUTES = (Public, ); }; };
		454C84911A485B1600DC63B5 /* NSData+JSONDeserialise.m in Sources */ = {isa = PBXBuildFile; fileRef = 0731646217955A0900930FCE /* NSData+JSONDeserialise.m */; };
		454C84921A485B1900DC63B5 /* NSObject+JSONSerialise.h in Headers */ = {isa = PBXBuildFile; fileRef = 0731646317955A0900930FCE /* NSObject+JSONSerialise.h */; settings = {ATTRIBUTES = (Public, ); }; };
		454C84931A485B1D00DC63B5 /* NSObject+JSONSerialise.m in Sources */ = {isa = PBXBuildFile; fileRef = 0731646417955A0900930FCE /* NSObject+JSONSerialise.m */; };
		454C84941A485B2200DC63B5 /* NSObject+Cast.h in Headers */ = {isa = PBXBuildFile; fileRef = 0731645C179559CE00930FCE /* NSObject+Cast.h */; settings = {ATTRIBUTES = (Public, ); }; };
		454C84951A485B2600DC63B5 /* NSObject+Cast.m in Sources */ = {isa = PBXBuildFile; fileRef = 0731645D179559CE00930FCE /* NSObject+Cast.m */; };
		454C84961A485B2900DC63B5 /* DHWeakSelf.h in Headers */ = {isa = PBXBuildFile; fileRef = 07316459179558F800930FCE /* DHWeakSelf.h */; settings = {ATTRIBUTES = (Public, ); }; };
		454C84971A485B3000DC63B5 /* DHNotificationStore.h in Headers */ = {isa = PBXBuildFile; fileRef = 076321D317940D0A00846D0D /* DHNotificationStore.h */; settings = {ATTRIBUTES = (Public, ); }; };
		454C84981A485B3700DC63B5 /* DHNotificationStore.m in Sources */ = {isa = PBXBuildFile; fileRef = 076321D417940D0A00846D0D /* DHNotificationStore.m */; };
		454C84991A485B3A00DC63B5 /* NSObject+Notifications.h in Headers */ = {isa = PBXBuildFile; fileRef = 076321D517940D0A00846D0D /* NSObject+Notifications.h */; settings = {ATTRIBUTES = (Public, ); }; };
		454C849A1A485B3F00DC63B5 /* NSObject+Notifications.m in Sources */ = {isa = PBXBuildFile; fileRef = 076321D617940D0A00846D0D /* NSObject+Notifications.m */; };
		45DE095F1A1A574C008EC57A /* DHConfigurationTests.m in Sources */ = {isa = PBXBuildFile; fileRef = 45DE095E1A1A574C008EC57A /* DHConfigurationTests.m */; };
		45DE09661A1A57F1008EC57A /* Config.plist in Resources */ = {isa = PBXBuildFile; fileRef = 45DE09641A1A57F1008EC57A /* Config.plist */; };
		45DE09671A1A57F1008EC57A /* TestConfig.plist in Resources */ = {isa = PBXBuildFile; fileRef = 45DE09651A1A57F1008EC57A /* TestConfig.plist */; };
		45E7C6E81B70B8EA0008B2A7 /* DHJSONTests.m in Sources */ = {isa = PBXBuildFile; fileRef = 45E7C6E71B70B8EA0008B2A7 /* DHJSONTests.m */; };
		45E7C6EA1B70BA270008B2A7 /* DHDynamicCastTests.m in Sources */ = {isa = PBXBuildFile; fileRef = 45E7C6E91B70BA270008B2A7 /* DHDynamicCastTests.m */; };
		45E7C6EC1B70E5390008B2A7 /* DHDateExtensionTests.m in Sources */ = {isa = PBXBuildFile; fileRef = 45E7C6EB1B70E5390008B2A7 /* DHDateExtensionTests.m */; };
		96B8516D17A25B0A0057D482 /* SystemConfiguration.framework in Frameworks */ = {isa = PBXBuildFile; fileRef = 96B8516C17A25B0A0057D482 /* SystemConfiguration.framework */; };
/* End PBXBuildFile section */

/* Begin PBXContainerItemProxy section */
		076321A4179409CA00846D0D /* PBXContainerItemProxy */ = {
			isa = PBXContainerItemProxy;
			containerPortal = 0763216B179409CA00846D0D /* Project object */;
			proxyType = 1;
			remoteGlobalIDString = 07632172179409CA00846D0D;
			remoteInfo = DHFoundationTestBase;
		};
		454C84771A485A5600DC63B5 /* PBXContainerItemProxy */ = {
			isa = PBXContainerItemProxy;
			containerPortal = 0763216B179409CA00846D0D /* Project object */;
			proxyType = 1;
			remoteGlobalIDString = 454C84611A485A5500DC63B5;
			remoteInfo = DHFoundationFramework;
		};
/* End PBXContainerItemProxy section */

/* Begin PBXCopyFilesBuildPhase section */
		454C84801A485A5600DC63B5 /* Embed Frameworks */ = {
			isa = PBXCopyFilesBuildPhase;
			buildActionMask = 2147483647;
			dstPath = "";
			dstSubfolderSpec = 10;
			files = (
				454C847A1A485A5600DC63B5 /* DHFoundation.framework in Embed Frameworks */,
			);
			name = "Embed Frameworks";
			runOnlyForDeploymentPostprocessing = 0;
		};
/* End PBXCopyFilesBuildPhase section */

/* Begin PBXFileReference section */
		0731643F179530CA00930FCE /* MIQTestingFramework.framework */ = {isa = PBXFileReference; lastKnownFileType = wrapper.framework; path = MIQTestingFramework.framework; sourceTree = "<group>"; };
		07316459179558F800930FCE /* DHWeakSelf.h */ = {isa = PBXFileReference; fileEncoding = 4; lastKnownFileType = sourcecode.c.h; name = DHWeakSelf.h; path = Macros/DHWeakSelf.h; sourceTree = "<group>"; };
		0731645C179559CE00930FCE /* NSObject+Cast.h */ = {isa = PBXFileReference; fileEncoding = 4; lastKnownFileType = sourcecode.c.h; lineEnding = 0; path = "NSObject+Cast.h"; sourceTree = "<group>"; xcLanguageSpecificationIdentifier = xcode.lang.objcpp; };
		0731645D179559CE00930FCE /* NSObject+Cast.m */ = {isa = PBXFileReference; fileEncoding = 4; lastKnownFileType = sourcecode.c.objc; lineEnding = 0; path = "NSObject+Cast.m"; sourceTree = "<group>"; xcLanguageSpecificationIdentifier = xcode.lang.objc; };
		0731646117955A0900930FCE /* NSData+JSONDeserialise.h */ = {isa = PBXFileReference; fileEncoding = 4; lastKnownFileType = sourcecode.c.h; path = "NSData+JSONDeserialise.h"; sourceTree = "<group>"; };
		0731646217955A0900930FCE /* NSData+JSONDeserialise.m */ = {isa = PBXFileReference; fileEncoding = 4; lastKnownFileType = sourcecode.c.objc; path = "NSData+JSONDeserialise.m"; sourceTree = "<group>"; };
		0731646317955A0900930FCE /* NSObject+JSONSerialise.h */ = {isa = PBXFileReference; fileEncoding = 4; lastKnownFileType = sourcecode.c.h; lineEnding = 0; path = "NSObject+JSONSerialise.h"; sourceTree = "<group>"; xcLanguageSpecificationIdentifier = xcode.lang.objcpp; };
		0731646417955A0900930FCE /* NSObject+JSONSerialise.m */ = {isa = PBXFileReference; fileEncoding = 4; lastKnownFileType = sourcecode.c.objc; lineEnding = 0; path = "NSObject+JSONSerialise.m"; sourceTree = "<group>"; xcLanguageSpecificationIdentifier = xcode.lang.objc; };
		0731646A17955B9500930FCE /* NSDate+Rails.h */ = {isa = PBXFileReference; fileEncoding = 4; lastKnownFileType = sourcecode.c.h; path = "NSDate+Rails.h"; sourceTree = "<group>"; };
		0731646B17955B9500930FCE /* NSDate+Rails.m */ = {isa = PBXFileReference; fileEncoding = 4; lastKnownFileType = sourcecode.c.objc; path = "NSDate+Rails.m"; sourceTree = "<group>"; };
		0731648717967EB200930FCE /* NSDateFormatter+Formatters.h */ = {isa = PBXFileReference; fileEncoding = 4; lastKnownFileType = sourcecode.c.h; path = "NSDateFormatter+Formatters.h"; sourceTree = "<group>"; };
		0731648817967EB200930FCE /* NSDateFormatter+Formatters.m */ = {isa = PBXFileReference; fileEncoding = 4; lastKnownFileType = sourcecode.c.objc; path = "NSDateFormatter+Formatters.m"; sourceTree = "<group>"; };
		0731648B17967ECC00930FCE /* DHDateFormatterTests.m */ = {isa = PBXFileReference; fileEncoding = 4; lastKnownFileType = sourcecode.c.objc; lineEnding = 0; path = DHDateFormatterTests.m; sourceTree = "<group>"; xcLanguageSpecificationIdentifier = xcode.lang.objc; };
		07316492179681DA00930FCE /* NSCache+Subscripting.h */ = {isa = PBXFileReference; fileEncoding = 4; lastKnownFileType = sourcecode.c.h; path = "NSCache+Subscripting.h"; sourceTree = "<group>"; };
		07316493179681DA00930FCE /* NSCache+Subscripting.m */ = {isa = PBXFileReference; fileEncoding = 4; lastKnownFileType = sourcecode.c.objc; path = "NSCache+Subscripting.m"; sourceTree = "<group>"; };
		07632173179409CA00846D0D /* DHFoundationTestBase.app */ = {isa = PBXFileReference; explicitFileType = wrapper.application; includeInIndex = 0; path = DHFoundationTestBase.app; sourceTree = BUILT_PRODUCTS_DIR; };
		07632176179409CA00846D0D /* UIKit.framework */ = {isa = PBXFileReference; lastKnownFileType = wrapper.framework; name = UIKit.framework; path = System/Library/Frameworks/UIKit.framework; sourceTree = SDKROOT; };
		07632178179409CA00846D0D /* Foundation.framework */ = {isa = PBXFileReference; lastKnownFileType = wrapper.framework; name = Foundation.framework; path = System/Library/Frameworks/Foundation.framework; sourceTree = SDKROOT; };
		0763217A179409CA00846D0D /* CoreGraphics.framework */ = {isa = PBXFileReference; lastKnownFileType = wrapper.framework; name = CoreGraphics.framework; path = System/Library/Frameworks/CoreGraphics.framework; sourceTree = SDKROOT; };
		0763217E179409CA00846D0D /* DHFoundation-Info.plist */ = {isa = PBXFileReference; lastKnownFileType = text.plist.xml; path = "DHFoundation-Info.plist"; sourceTree = "<group>"; };
		07632180179409CA00846D0D /* en */ = {isa = PBXFileReference; lastKnownFileType = text.plist.strings; name = en; path = en.lproj/InfoPlist.strings; sourceTree = "<group>"; };
		07632182179409CA00846D0D /* main.m */ = {isa = PBXFileReference; lastKnownFileType = sourcecode.c.objc; lineEnding = 0; path = main.m; sourceTree = "<group>"; xcLanguageSpecificationIdentifier = xcode.lang.objc; };
		07632184179409CA00846D0D /* DHFoundation-Prefix.pch */ = {isa = PBXFileReference; lastKnownFileType = sourcecode.c.h; lineEnding = 0; path = "DHFoundation-Prefix.pch"; sourceTree = "<group>"; xcLanguageSpecificationIdentifier = xcode.lang.objc; };
		07632188179409CA00846D0D /* Default.png */ = {isa = PBXFileReference; lastKnownFileType = image.png; path = Default.png; sourceTree = "<group>"; };
		0763218A179409CA00846D0D /* Default@2x.png */ = {isa = PBXFileReference; lastKnownFileType = image.png; path = "Default@2x.png"; sourceTree = "<group>"; };
		0763218C179409CA00846D0D /* Default-568h@2x.png */ = {isa = PBXFileReference; lastKnownFileType = image.png; path = "Default-568h@2x.png"; sourceTree = "<group>"; };
		07632195179409CA00846D0D /* en */ = {isa = PBXFileReference; lastKnownFileType = file.xib; name = en; path = en.lproj/DHMasterViewController.xib; sourceTree = "<group>"; };
		07632198179409CA00846D0D /* en */ = {isa = PBXFileReference; lastKnownFileType = file.xib; name = en; path = en.lproj/DHDetailViewController.xib; sourceTree = "<group>"; };
		0763219F179409CA00846D0D /* DHFoundationTests.xctest */ = {isa = PBXFileReference; explicitFileType = wrapper.cfbundle; includeInIndex = 0; path = DHFoundationTests.xctest; sourceTree = BUILT_PRODUCTS_DIR; };
		076321A8179409CA00846D0D /* DHFoundationTests-Info.plist */ = {isa = PBXFileReference; lastKnownFileType = text.plist.xml; path = "DHFoundationTests-Info.plist"; sourceTree = "<group>"; };
		076321AA179409CA00846D0D /* en */ = {isa = PBXFileReference; lastKnownFileType = text.plist.strings; name = en; path = en.lproj/InfoPlist.strings; sourceTree = "<group>"; };
		076321BA17940C5700846D0D /* DHDetailViewController.h */ = {isa = PBXFileReference; fileEncoding = 4; lastKnownFileType = sourcecode.c.h; lineEnding = 0; path = DHDetailViewController.h; sourceTree = "<group>"; xcLanguageSpecificationIdentifier = xcode.lang.objcpp; };
		076321BB17940C5700846D0D /* DHDetailViewController.m */ = {isa = PBXFileReference; fileEncoding = 4; lastKnownFileType = sourcecode.c.objc; lineEnding = 0; path = DHDetailViewController.m; sourceTree = "<group>"; xcLanguageSpecificationIdentifier = xcode.lang.objc; };
		076321BC17940C5700846D0D /* DHMasterViewController.h */ = {isa = PBXFileReference; fileEncoding = 4; lastKnownFileType = sourcecode.c.h; lineEnding = 0; path = DHMasterViewController.h; sourceTree = "<group>"; xcLanguageSpecificationIdentifier = xcode.lang.objcpp; };
		076321BD17940C5700846D0D /* DHMasterViewController.m */ = {isa = PBXFileReference; fileEncoding = 4; lastKnownFileType = sourcecode.c.objc; lineEnding = 0; path = DHMasterViewController.m; sourceTree = "<group>"; xcLanguageSpecificationIdentifier = xcode.lang.objc; };
		076321C017940C6200846D0D /* DHAppDelegate.h */ = {isa = PBXFileReference; fileEncoding = 4; lastKnownFileType = sourcecode.c.h; lineEnding = 0; path = DHAppDelegate.h; sourceTree = "<group>"; xcLanguageSpecificationIdentifier = xcode.lang.objcpp; };
		076321C117940C6200846D0D /* DHAppDelegate.m */ = {isa = PBXFileReference; fileEncoding = 4; lastKnownFileType = sourcecode.c.objc; lineEnding = 0; path = DHAppDelegate.m; sourceTree = "<group>"; xcLanguageSpecificationIdentifier = xcode.lang.objc; };
		076321CB17940CD000846D0D /* DHFoundation-Prefix.pch */ = {isa = PBXFileReference; lastKnownFileType = sourcecode.c.h; path = "DHFoundation-Prefix.pch"; sourceTree = "<group>"; };
		076321D317940D0A00846D0D /* DHNotificationStore.h */ = {isa = PBXFileReference; fileEncoding = 4; lastKnownFileType = sourcecode.c.h; lineEnding = 0; path = DHNotificationStore.h; sourceTree = "<group>"; xcLanguageSpecificationIdentifier = xcode.lang.objcpp; };
		076321D417940D0A00846D0D /* DHNotificationStore.m */ = {isa = PBXFileReference; fileEncoding = 4; lastKnownFileType = sourcecode.c.objc; lineEnding = 0; path = DHNotificationStore.m; sourceTree = "<group>"; xcLanguageSpecificationIdentifier = xcode.lang.objc; };
		076321D517940D0A00846D0D /* NSObject+Notifications.h */ = {isa = PBXFileReference; fileEncoding = 4; lastKnownFileType = sourcecode.c.h; lineEnding = 0; path = "NSObject+Notifications.h"; sourceTree = "<group>"; xcLanguageSpecificationIdentifier = xcode.lang.objcpp; };
		076321D617940D0A00846D0D /* NSObject+Notifications.m */ = {isa = PBXFileReference; fileEncoding = 4; lastKnownFileType = sourcecode.c.objc; lineEnding = 0; path = "NSObject+Notifications.m"; sourceTree = "<group>"; xcLanguageSpecificationIdentifier = xcode.lang.objc; };
		076321E217940E0B00846D0D /* DHNotificationsTest.m */ = {isa = PBXFileReference; fileEncoding = 4; lastKnownFileType = sourcecode.c.objc; lineEnding = 0; path = DHNotificationsTest.m; sourceTree = "<group>"; xcLanguageSpecificationIdentifier = xcode.lang.objc; };
		07C9CC3717B0F78E00802E74 /* Images.xcassets */ = {isa = PBXFileReference; lastKnownFileType = folder.assetcatalog; path = Images.xcassets; sourceTree = "<group>"; };
		450A4B951A36EC5D001D9577 /* DHPrepareForSegueTests.m */ = {isa = PBXFileReference; fileEncoding = 4; lastKnownFileType = sourcecode.c.objc; path = DHPrepareForSegueTests.m; sourceTree = "<group>"; };
		450A4B971A36EC64001D9577 /* UIViewController+DHPrepareSegue.h */ = {isa = PBXFileReference; fileEncoding = 4; lastKnownFileType = sourcecode.c.h; path = "UIViewController+DHPrepareSegue.h"; sourceTree = "<group>"; };
		450A4B981A36EC64001D9577 /* UIViewController+DHPrepareSegue.m */ = {isa = PBXFileReference; fileEncoding = 4; lastKnownFileType = sourcecode.c.objc; path = "UIViewController+DHPrepareSegue.m"; sourceTree = "<group>"; };
		454C84621A485A5500DC63B5 /* DHFoundation.framework */ = {isa = PBXFileReference; explicitFileType = wrapper.framework; includeInIndex = 0; path = DHFoundation.framework; sourceTree = BUILT_PRODUCTS_DIR; };
		454C84651A485A5500DC63B5 /* Info.plist */ = {isa = PBXFileReference; lastKnownFileType = text.plist.xml; path = Info.plist; sourceTree = "<group>"; };
		454C84661A485A5500DC63B5 /* DHFoundation.h */ = {isa = PBXFileReference; lastKnownFileType = sourcecode.c.h; path = DHFoundation.h; sourceTree = "<group>"; };
		45DE095E1A1A574C008EC57A /* DHConfigurationTests.m */ = {isa = PBXFileReference; fileEncoding = 4; lastKnownFileType = sourcecode.c.objc; path = DHConfigurationTests.m; sourceTree = "<group>"; };
		45DE09601A1A5771008EC57A /* DHConfiguration.h */ = {isa = PBXFileReference; fileEncoding = 4; lastKnownFileType = sourcecode.c.h; path = DHConfiguration.h; sourceTree = "<group>"; };
		45DE09611A1A5771008EC57A /* DHConfiguration.m */ = {isa = PBXFileReference; fileEncoding = 4; lastKnownFileType = sourcecode.c.objc; path = DHConfiguration.m; sourceTree = "<group>"; };
		45DE09641A1A57F1008EC57A /* Config.plist */ = {isa = PBXFileReference; fileEncoding = 4; lastKnownFileType = text.plist.xml; path = Config.plist; sourceTree = "<group>"; };
		45DE09651A1A57F1008EC57A /* TestConfig.plist */ = {isa = PBXFileReference; fileEncoding = 4; lastKnownFileType = text.plist.xml; path = TestConfig.plist; sourceTree = "<group>"; };
		45E7C6E71B70B8EA0008B2A7 /* DHJSONTests.m */ = {isa = PBXFileReference; fileEncoding = 4; lastKnownFileType = sourcecode.c.objc; path = DHJSONTests.m; sourceTree = "<group>"; };
		45E7C6E91B70BA270008B2A7 /* DHDynamicCastTests.m */ = {isa = PBXFileReference; fileEncoding = 4; lastKnownFileType = sourcecode.c.objc; path = DHDynamicCastTests.m; sourceTree = "<group>"; };
		45E7C6EB1B70E5390008B2A7 /* DHDateExtensionTests.m */ = {isa = PBXFileReference; fileEncoding = 4; lastKnownFileType = sourcecode.c.objc; path = DHDateExtensionTests.m; sourceTree = "<group>"; };
		96B8516817A25A470057D482 /* DHReachability.h */ = {isa = PBXFileReference; fileEncoding = 4; lastKnownFileType = sourcecode.c.h; lineEnding = 0; name = DHReachability.h; path = Reachability/DHReachability.h; sourceTree = "<group>"; xcLanguageSpecificationIdentifier = xcode.lang.objcpp; };
		96B8516917A25A470057D482 /* DHReachability.m */ = {isa = PBXFileReference; fileEncoding = 4; lastKnownFileType = sourcecode.c.objc; lineEnding = 0; name = DHReachability.m; path = Reachability/DHReachability.m; sourceTree = "<group>"; xcLanguageSpecificationIdentifier = xcode.lang.objc; };
		96B8516C17A25B0A0057D482 /* SystemConfiguration.framework */ = {isa = PBXFileReference; lastKnownFileType = wrapper.framework; name = SystemConfiguration.framework; path = System/Library/Frameworks/SystemConfiguration.framework; sourceTree = SDKROOT; };
		96B8516E17A260300057D482 /* DHReachabilityEventHandler.h */ = {isa = PBXFileReference; fileEncoding = 4; lastKnownFileType = sourcecode.c.h; name = DHReachabilityEventHandler.h; path = Reachability/DHReachabilityEventHandler.h; sourceTree = "<group>"; };
		96B8516F17A260300057D482 /* DHReachabilityEventHandler.m */ = {isa = PBXFileReference; fileEncoding = 4; lastKnownFileType = sourcecode.c.objc; name = DHReachabilityEventHandler.m; path = Reachability/DHReachabilityEventHandler.m; sourceTree = "<group>"; };
/* End PBXFileReference section */

/* Begin PBXFrameworksBuildPhase section */
		07632170179409CA00846D0D /* Frameworks */ = {
			isa = PBXFrameworksBuildPhase;
			buildActionMask = 2147483647;
			files = (
				454C84791A485A5600DC63B5 /* DHFoundation.framework in Frameworks */,
				96B8516D17A25B0A0057D482 /* SystemConfiguration.framework in Frameworks */,
				07632177179409CA00846D0D /* UIKit.framework in Frameworks */,
				07632179179409CA00846D0D /* Foundation.framework in Frameworks */,
				0763217B179409CA00846D0D /* CoreGraphics.framework in Frameworks */,
			);
			runOnlyForDeploymentPostprocessing = 0;
		};
		0763219B179409CA00846D0D /* Frameworks */ = {
			isa = PBXFrameworksBuildPhase;
			buildActionMask = 2147483647;
			files = (
				076321A2179409CA00846D0D /* UIKit.framework in Frameworks */,
				07800DBD17AFDC8B00E6020B /* SystemConfiguration.framework in Frameworks */,
				076321A3179409CA00846D0D /* Foundation.framework in Frameworks */,
				07316440179530CA00930FCE /* MIQTestingFramework.framework in Frameworks */,
			);
			runOnlyForDeploymentPostprocessing = 0;
		};
		454C845E1A485A5500DC63B5 /* Frameworks */ = {
			isa = PBXFrameworksBuildPhase;
			buildActionMask = 2147483647;
			files = (
			);
			runOnlyForDeploymentPostprocessing = 0;
		};
/* End PBXFrameworksBuildPhase section */

/* Begin PBXGroup section */
		07316458179558E200930FCE /* Macros */ = {
			isa = PBXGroup;
			children = (
				07316459179558F800930FCE /* DHWeakSelf.h */,
			);
			name = Macros;
			sourceTree = "<group>";
		};
		0731645B179559B700930FCE /* Cast */ = {
			isa = PBXGroup;
			children = (
				0731645C179559CE00930FCE /* NSObject+Cast.h */,
				0731645D179559CE00930FCE /* NSObject+Cast.m */,
			);
			name = Cast;
			sourceTree = "<group>";
		};
		07316460179559FE00930FCE /* JSON */ = {
			isa = PBXGroup;
			children = (
				0731646117955A0900930FCE /* NSData+JSONDeserialise.h */,
				0731646217955A0900930FCE /* NSData+JSONDeserialise.m */,
				0731646317955A0900930FCE /* NSObject+JSONSerialise.h */,
				0731646417955A0900930FCE /* NSObject+JSONSerialise.m */,
			);
			name = JSON;
			sourceTree = "<group>";
		};
		0731646917955B8900930FCE /* Date */ = {
			isa = PBXGroup;
			children = (
				0731646A17955B9500930FCE /* NSDate+Rails.h */,
				0731646B17955B9500930FCE /* NSDate+Rails.m */,
				0731648717967EB200930FCE /* NSDateFormatter+Formatters.h */,
				0731648817967EB200930FCE /* NSDateFormatter+Formatters.m */,
			);
			name = Date;
			sourceTree = "<group>";
		};
		0731648D179681B900930FCE /* Cache */ = {
			isa = PBXGroup;
			children = (
				07316492179681DA00930FCE /* NSCache+Subscripting.h */,
				07316493179681DA00930FCE /* NSCache+Subscripting.m */,
			);
			name = Cache;
			sourceTree = "<group>";
		};
		0763216A179409CA00846D0D = {
			isa = PBXGroup;
			children = (
				0763217C179409CA00846D0D /* DHFoundationTestBase */,
				076321A6179409CA00846D0D /* DHFoundationTests */,
				076321C917940CD000846D0D /* DHFoundation */,
				454C84631A485A5500DC63B5 /* DHFoundationFramework */,
				07632175179409CA00846D0D /* Frameworks */,
				07632174179409CA00846D0D /* Products */,
			);
			sourceTree = "<group>";
		};
		07632174179409CA00846D0D /* Products */ = {
			isa = PBXGroup;
			children = (
				07632173179409CA00846D0D /* DHFoundationTestBase.app */,
				0763219F179409CA00846D0D /* DHFoundationTests.xctest */,
				454C84621A485A5500DC63B5 /* DHFoundation.framework */,
			);
			name = Products;
			sourceTree = "<group>";
		};
		07632175179409CA00846D0D /* Frameworks */ = {
			isa = PBXGroup;
			children = (
				96B8516C17A25B0A0057D482 /* SystemConfiguration.framework */,
				07632176179409CA00846D0D /* UIKit.framework */,
				07632178179409CA00846D0D /* Foundation.framework */,
				0763217A179409CA00846D0D /* CoreGraphics.framework */,
			);
			name = Frameworks;
			sourceTree = "<group>";
		};
		0763217C179409CA00846D0D /* DHFoundationTestBase */ = {
			isa = PBXGroup;
			children = (
				45DE09641A1A57F1008EC57A /* Config.plist */,
				45DE09651A1A57F1008EC57A /* TestConfig.plist */,
				076321B717940A1900846D0D /* Application */,
				076321B917940C4000846D0D /* View Controllers */,
				07C9CC3717B0F78E00802E74 /* Images.xcassets */,
				0763217D179409CA00846D0D /* Supporting Files */,
			);
			path = DHFoundationTestBase;
			sourceTree = "<group>";
		};
		0763217D179409CA00846D0D /* Supporting Files */ = {
			isa = PBXGroup;
			children = (
				076321B817940C3200846D0D /* XIBs */,
				0763217E179409CA00846D0D /* DHFoundation-Info.plist */,
				0763217F179409CA00846D0D /* InfoPlist.strings */,
				07632182179409CA00846D0D /* main.m */,
				07632184179409CA00846D0D /* DHFoundation-Prefix.pch */,
				07632188179409CA00846D0D /* Default.png */,
				0763218A179409CA00846D0D /* Default@2x.png */,
				0763218C179409CA00846D0D /* Default-568h@2x.png */,
			);
			name = "Supporting Files";
			sourceTree = "<group>";
		};
		076321A6179409CA00846D0D /* DHFoundationTests */ = {
			isa = PBXGroup;
			children = (
				0731643F179530CA00930FCE /* MIQTestingFramework.framework */,
				076321A7179409CA00846D0D /* Supporting Files */,
				076321E217940E0B00846D0D /* DHNotificationsTest.m */,
				0731648B17967ECC00930FCE /* DHDateFormatterTests.m */,
				45DE095E1A1A574C008EC57A /* DHConfigurationTests.m */,
				450A4B951A36EC5D001D9577 /* DHPrepareForSegueTests.m */,
				45E7C6E71B70B8EA0008B2A7 /* DHJSONTests.m */,
				45E7C6E91B70BA270008B2A7 /* DHDynamicCastTests.m */,
				45E7C6EB1B70E5390008B2A7 /* DHDateExtensionTests.m */,
			);
			path = DHFoundationTests;
			sourceTree = "<group>";
		};
		076321A7179409CA00846D0D /* Supporting Files */ = {
			isa = PBXGroup;
			children = (
				076321A8179409CA00846D0D /* DHFoundationTests-Info.plist */,
				076321A9179409CA00846D0D /* InfoPlist.strings */,
			);
			name = "Supporting Files";
			sourceTree = "<group>";
		};
		076321B717940A1900846D0D /* Application */ = {
			isa = PBXGroup;
			children = (
				076321C017940C6200846D0D /* DHAppDelegate.h */,
				076321C117940C6200846D0D /* DHAppDelegate.m */,
			);
			path = Application;
			sourceTree = "<group>";
		};
		076321B817940C3200846D0D /* XIBs */ = {
			isa = PBXGroup;
			children = (
				07632194179409CA00846D0D /* DHMasterViewController.xib */,
				07632197179409CA00846D0D /* DHDetailViewController.xib */,
			);
			name = XIBs;
			sourceTree = "<group>";
		};
		076321B917940C4000846D0D /* View Controllers */ = {
			isa = PBXGroup;
			children = (
				076321BA17940C5700846D0D /* DHDetailViewController.h */,
				076321BB17940C5700846D0D /* DHDetailViewController.m */,
				076321BC17940C5700846D0D /* DHMasterViewController.h */,
				076321BD17940C5700846D0D /* DHMasterViewController.m */,
			);
			path = "View Controllers";
			sourceTree = "<group>";
		};
		076321C917940CD000846D0D /* DHFoundation */ = {
			isa = PBXGroup;
			children = (
				450A4B8E1A36EABC001D9577 /* Perform Selector */,
				45DE09591A1A566D008EC57A /* Configuration */,
				96B8516717A25A040057D482 /* Reachability */,
				0731648D179681B900930FCE /* Cache */,
				0731646917955B8900930FCE /* Date */,
				07316460179559FE00930FCE /* JSON */,
				0731645B179559B700930FCE /* Cast */,
				07316458179558E200930FCE /* Macros */,
				076321D217940CE000846D0D /* Notifications */,
				076321CA17940CD000846D0D /* Supporting Files */,
			);
			path = DHFoundation;
			sourceTree = "<group>";
		};
		076321CA17940CD000846D0D /* Supporting Files */ = {
			isa = PBXGroup;
			children = (
				076321CB17940CD000846D0D /* DHFoundation-Prefix.pch */,
			);
			name = "Supporting Files";
			sourceTree = "<group>";
		};
		076321D217940CE000846D0D /* Notifications */ = {
			isa = PBXGroup;
			children = (
				076321D317940D0A00846D0D /* DHNotificationStore.h */,
				076321D417940D0A00846D0D /* DHNotificationStore.m */,
				076321D517940D0A00846D0D /* NSObject+Notifications.h */,
				076321D617940D0A00846D0D /* NSObject+Notifications.m */,
			);
			path = Notifications;
			sourceTree = "<group>";
		};
		450A4B8E1A36EABC001D9577 /* Perform Selector */ = {
			isa = PBXGroup;
			children = (
				450A4B971A36EC64001D9577 /* UIViewController+DHPrepareSegue.h */,
				450A4B981A36EC64001D9577 /* UIViewController+DHPrepareSegue.m */,
			);
			name = "Perform Selector";
			sourceTree = "<group>";
		};
		454C84631A485A5500DC63B5 /* DHFoundationFramework */ = {
			isa = PBXGroup;
			children = (
				454C84661A485A5500DC63B5 /* DHFoundation.h */,
				454C84641A485A5500DC63B5 /* Supporting Files */,
			);
			path = DHFoundationFramework;
			sourceTree = "<group>";
		};
		454C84641A485A5500DC63B5 /* Supporting Files */ = {
			isa = PBXGroup;
			children = (
				454C84651A485A5500DC63B5 /* Info.plist */,
			);
			name = "Supporting Files";
			sourceTree = "<group>";
		};
		45DE09591A1A566D008EC57A /* Configuration */ = {
			isa = PBXGroup;
			children = (
				45DE09601A1A5771008EC57A /* DHConfiguration.h */,
				45DE09611A1A5771008EC57A /* DHConfiguration.m */,
			);
			name = Configuration;
			sourceTree = "<group>";
		};
		96B8516717A25A040057D482 /* Reachability */ = {
			isa = PBXGroup;
			children = (
				96B8516817A25A470057D482 /* DHReachability.h */,
				96B8516917A25A470057D482 /* DHReachability.m */,
				96B8516E17A260300057D482 /* DHReachabilityEventHandler.h */,
				96B8516F17A260300057D482 /* DHReachabilityEventHandler.m */,
			);
			name = Reachability;
			sourceTree = "<group>";
		};
/* End PBXGroup section */

/* Begin PBXHeadersBuildPhase section */
		454C845F1A485A5500DC63B5 /* Headers */ = {
			isa = PBXHeadersBuildPhase;
			buildActionMask = 2147483647;
			files = (
				454C84961A485B2900DC63B5 /* DHWeakSelf.h in Headers */,
				454C848C1A485AA900DC63B5 /* NSDate+Rails.h in Headers */,
				454C84671A485A5500DC63B5 /* DHFoundation.h in Headers */,
				454C84891A485A9900DC63B5 /* DHReachabilityEventHandler.h in Headers */,
				454C84821A485A7C00DC63B5 /* UIViewController+DHPrepareSegue.h in Headers */,
				454C84991A485B3A00DC63B5 /* NSObject+Notifications.h in Headers */,
				454C84841A485A8400DC63B5 /* DHConfiguration.h in Headers */,
				454C84861A485A8D00DC63B5 /* DHReachability.h in Headers */,
				454C848A1A485A9F00DC63B5 /* NSCache+Subscripting.h in Headers */,
				454C84971A485B3000DC63B5 /* DHNotificationStore.h in Headers */,
				454C84941A485B2200DC63B5 /* NSObject+Cast.h in Headers */,
				454C848E1A485AB400DC63B5 /* NSDateFormatter+Formatters.h in Headers */,
				454C84921A485B1900DC63B5 /* NSObject+JSONSerialise.h in Headers */,
				454C84901A485ABC00DC63B5 /* NSData+JSONDeserialise.h in Headers */,
			);
			runOnlyForDeploymentPostprocessing = 0;
		};
/* End PBXHeadersBuildPhase section */

/* Begin PBXNativeTarget section */
		07632172179409CA00846D0D /* DHFoundationTestBase */ = {
			isa = PBXNativeTarget;
			buildConfigurationList = 076321B1179409CA00846D0D /* Build configuration list for PBXNativeTarget "DHFoundationTestBase" */;
			buildPhases = (
				0763216F179409CA00846D0D /* Sources */,
				07632170179409CA00846D0D /* Frameworks */,
				07632171179409CA00846D0D /* Resources */,
				454C84801A485A5600DC63B5 /* Embed Frameworks */,
			);
			buildRules = (
			);
			dependencies = (
				454C84781A485A5600DC63B5 /* PBXTargetDependency */,
			);
			name = DHFoundationTestBase;
			productName = DHFoundationTestBase;
			productReference = 07632173179409CA00846D0D /* DHFoundationTestBase.app */;
			productType = "com.apple.product-type.application";
		};
		0763219E179409CA00846D0D /* DHFoundationTests */ = {
			isa = PBXNativeTarget;
			buildConfigurationList = 076321B4179409CA00846D0D /* Build configuration list for PBXNativeTarget "DHFoundationTests" */;
			buildPhases = (
				0763219A179409CA00846D0D /* Sources */,
				0763219B179409CA00846D0D /* Frameworks */,
				0763219C179409CA00846D0D /* Resources */,
				0763219D179409CA00846D0D /* ShellScript */,
			);
			buildRules = (
			);
			dependencies = (
				076321A5179409CA00846D0D /* PBXTargetDependency */,
			);
			name = DHFoundationTests;
			productName = DHFoundationTests;
			productReference = 0763219F179409CA00846D0D /* DHFoundationTests.xctest */;
			productType = "com.apple.product-type.bundle.unit-test";
		};
		454C84611A485A5500DC63B5 /* DHFoundationFramework */ = {
			isa = PBXNativeTarget;
			buildConfigurationList = 454C847F1A485A5600DC63B5 /* Build configuration list for PBXNativeTarget "DHFoundationFramework" */;
			buildPhases = (
				454C845D1A485A5500DC63B5 /* Sources */,
				454C845E1A485A5500DC63B5 /* Frameworks */,
				454C845F1A485A5500DC63B5 /* Headers */,
				454C84601A485A5500DC63B5 /* Resources */,
				45E7C6E61B70A4FF0008B2A7 /* Output coverage location */,
			);
			buildRules = (
			);
			dependencies = (
			);
			name = DHFoundationFramework;
			productName = DHFoundationFramework;
			productReference = 454C84621A485A5500DC63B5 /* DHFoundation.framework */;
			productType = "com.apple.product-type.framework";
		};
/* End PBXNativeTarget section */

/* Begin PBXProject section */
		0763216B179409CA00846D0D /* Project object */ = {
			isa = PBXProject;
			attributes = {
				CLASSPREFIX = DH;
				LastUpgradeCheck = 0500;
				ORGANIZATIONNAME = "";
				TargetAttributes = {
					450A4B761A31B293001D9577 = {
						CreatedOnToolsVersion = 6.1.1;
					};
					454C84611A485A5500DC63B5 = {
						CreatedOnToolsVersion = 6.1.1;
					};
					45E284051A8E3473007F5D85 = {
						CreatedOnToolsVersion = 6.1.1;
					};
				};
			};
			buildConfigurationList = 0763216E179409CA00846D0D /* Build configuration list for PBXProject "DHFoundation" */;
			compatibilityVersion = "Xcode 3.2";
			developmentRegion = English;
			hasScannedForEncodings = 0;
			knownRegions = (
				en,
			);
			mainGroup = 0763216A179409CA00846D0D;
			productRefGroup = 07632174179409CA00846D0D /* Products */;
			projectDirPath = "";
			projectRoot = "";
			targets = (
				07632172179409CA00846D0D /* DHFoundationTestBase */,
				0763219E179409CA00846D0D /* DHFoundationTests */,
				450A4B761A31B293001D9577 /* documentation */,
				454C84611A485A5500DC63B5 /* DHFoundationFramework */,
				45E284051A8E3473007F5D85 /* universaldynamicframework */,
			);
		};
/* End PBXProject section */

/* Begin PBXResourcesBuildPhase section */
		07632171179409CA00846D0D /* Resources */ = {
			isa = PBXResourcesBuildPhase;
			buildActionMask = 2147483647;
			files = (
				07632181179409CA00846D0D /* InfoPlist.strings in Resources */,
				07632189179409CA00846D0D /* Default.png in Resources */,
				07C9CC3817B0F78E00802E74 /* Images.xcassets in Resources */,
				0763218B179409CA00846D0D /* Default@2x.png in Resources */,
				45DE09661A1A57F1008EC57A /* Config.plist in Resources */,
				0763218D179409CA00846D0D /* Default-568h@2x.png in Resources */,
				07632196179409CA00846D0D /* DHMasterViewController.xib in Resources */,
				45DE09671A1A57F1008EC57A /* TestConfig.plist in Resources */,
				07632199179409CA00846D0D /* DHDetailViewController.xib in Resources */,
			);
			runOnlyForDeploymentPostprocessing = 0;
		};
		0763219C179409CA00846D0D /* Resources */ = {
			isa = PBXResourcesBuildPhase;
			buildActionMask = 2147483647;
			files = (
				076321AB179409CA00846D0D /* InfoPlist.strings in Resources */,
			);
			runOnlyForDeploymentPostprocessing = 0;
		};
		454C84601A485A5500DC63B5 /* Resources */ = {
			isa = PBXResourcesBuildPhase;
			buildActionMask = 2147483647;
			files = (
			);
			runOnlyForDeploymentPostprocessing = 0;
		};
/* End PBXResourcesBuildPhase section */

/* Begin PBXShellScriptBuildPhase section */
		0763219D179409CA00846D0D /* ShellScript */ = {
			isa = PBXShellScriptBuildPhase;
			buildActionMask = 2147483647;
			files = (
			);
			inputPaths = (
			);
			outputPaths = (
			);
			runOnlyForDeploymentPostprocessing = 0;
			shellPath = /bin/sh;
			shellScript = "# Run the unit tests in this test bundle.\n\"${SYSTEM_DEVELOPER_DIR}/Tools/RunUnitTests\"\n";
		};
		450A4B7B1A31B2B6001D9577 /* ShellScript */ = {
			isa = PBXShellScriptBuildPhase;
			buildActionMask = 2147483647;
			files = (
			);
			inputPaths = (
			);
			outputPaths = (
			);
			runOnlyForDeploymentPostprocessing = 0;
			shellPath = /bin/sh;
			shellScript = "#appledoc Xcode script\n# Start constants\ncompany=\"David Hardiman\";\ncompanyID=\"me.davidhardiman\";\ncompanyURL=\"http://davidhardiman.me\";\ntarget=\"iphoneos\";\n#target=\"macosx\";\noutputPath=\"${PROJECT_DIR}/documentation\";\n# End constants\n/usr/local/bin/appledoc \\\n--project-name \"DHFoundation\" \\\n--project-company \"${company}\" \\\n--company-id \"${companyID}\" \\\n--docset-atom-filename \"${company}.atom\" \\\n--docset-feed-url \"${companyURL}/${company}/%DOCSETATOMFILENAME\" \\\n--docset-package-url \"${companyURL}/${company}/%DOCSETPACKAGEFILENAME\" \\\n--docset-fallback-url \"${companyURL}/${company}\" \\\n--output \"${outputPath}\" \\\n--publish-docset \\\n--docset-platform-family \"${target}\" \\\n--logformat xcode \\\n--keep-intermediate-files \\\n--no-repeat-first-par \\\n--no-warn-invalid-crossref \\\n--ignore \"*.m\" \\\n--exit-threshold 2 \\\n--index-desc \"${PROJECT_DIR}/README.md\" \\\n\"${PROJECT_DIR}/DHFoundation\"";
		};
		45E284091A8E347B007F5D85 /* ShellScript */ = {
			isa = PBXShellScriptBuildPhase;
			buildActionMask = 2147483647;
			files = (
			);
			inputPaths = (
			);
			outputPaths = (
			);
			runOnlyForDeploymentPostprocessing = 0;
			shellPath = /bin/sh;
			shellScript = "#!/bin/sh\n\n# This script builds the framework for both the simulator and the device, and then combines\n# them into one binary using lipo.\n#\n# On build success, the result is placed into the project folder, and finder will open to\n# that location for convenient access to the newly built framework.\n\nUNIVERSAL_OUTPUTFOLDER=${BUILD_DIR}/${CONFIGURATION}-universal\n\n# make sure the output directory exists\nmkdir -p \"${UNIVERSAL_OUTPUTFOLDER}\"\n\nFRAMEWORK_NAME=\"DHFoundationFramework\"\n\n# Step 1. Build Device and Simulator versions\nxcodebuild -target \"${FRAMEWORK_NAME}\" ONLY_ACTIVE_ARCH=NO -configuration ${CONFIGURATION} -sdk iphoneos  BUILD_DIR=\"${BUILD_DIR}\" BUILD_ROOT=\"${BUILD_ROOT}\" clean build\nxcodebuild -target \"${FRAMEWORK_NAME}\" -configuration ${CONFIGURATION} -sdk iphonesimulator ONLY_ACTIVE_ARCH=NO BUILD_DIR=\"${BUILD_DIR}\" BUILD_ROOT=\"${BUILD_ROOT}\" clean build\n\n# Step 2. Copy the framework structure (from iphoneos build) to the universal folder\ncp -R \"${BUILD_DIR}/${CONFIGURATION}-iphoneos/${PROJECT_NAME}.framework\" \"${UNIVERSAL_OUTPUTFOLDER}/\"\n\n# Step 3. Create universal binary file using lipo and place the combined executable in the copied framework directory\nlipo -create -output \"${UNIVERSAL_OUTPUTFOLDER}/${PROJECT_NAME}.framework/${PROJECT_NAME}\" \"${BUILD_DIR}/${CONFIGURATION}-iphonesimulator/${PROJECT_NAME}.framework/${PROJECT_NAME}\" \"${BUILD_DIR}/${CONFIGURATION}-iphoneos/${PROJECT_NAME}.framework/${PROJECT_NAME}\"\n\n# Step 4. Convenience step to copy the framework to the project's directory\ncp -R \"${UNIVERSAL_OUTPUTFOLDER}/${PROJECT_NAME}.framework\" \"${PROJECT_DIR}/build\"\n\n# Step 5. Convenience step to open the project's directory in Finder\nopen \"${PROJECT_DIR}/build\"";
		};
		45E7C6E61B70A4FF0008B2A7 /* Output coverage location */ = {
			isa = PBXShellScriptBuildPhase;
			buildActionMask = 2147483647;
			files = (
			);
			inputPaths = (
			);
			name = "Output coverage location";
			outputPaths = (
			);
			runOnlyForDeploymentPostprocessing = 0;
			shellPath = /bin/sh;
			shellScript = "echo \"${OBJECT_FILE_DIR_normal}/${CURRENT_ARCH}\" > ${PROJECT_DIR}/object_file_dir.txt";
		};
/* End PBXShellScriptBuildPhase section */

/* Begin PBXSourcesBuildPhase section */
		0763216F179409CA00846D0D /* Sources */ = {
			isa = PBXSourcesBuildPhase;
			buildActionMask = 2147483647;
			files = (
				07632183179409CA00846D0D /* main.m in Sources */,
				076321BE17940C5700846D0D /* DHDetailViewController.m in Sources */,
				076321BF17940C5700846D0D /* DHMasterViewController.m in Sources */,
				076321C217940C6200846D0D /* DHAppDelegate.m in Sources */,
			);
			runOnlyForDeploymentPostprocessing = 0;
		};
		0763219A179409CA00846D0D /* Sources */ = {
			isa = PBXSourcesBuildPhase;
			buildActionMask = 2147483647;
			files = (
				45DE095F1A1A574C008EC57A /* DHConfigurationTests.m in Sources */,
				450A4B961A36EC5D001D9577 /* DHPrepareForSegueTests.m in Sources */,
				45E7C6EA1B70BA270008B2A7 /* DHDynamicCastTests.m in Sources */,
				45E7C6E81B70B8EA0008B2A7 /* DHJSONTests.m in Sources */,
				076321E317940E0B00846D0D /* DHNotificationsTest.m in Sources */,
				0731648C17967ECC00930FCE /* DHDateFormatterTests.m in Sources */,
				45E7C6EC1B70E5390008B2A7 /* DHDateExtensionTests.m in Sources */,
			);
			runOnlyForDeploymentPostprocessing = 0;
		};
		454C845D1A485A5500DC63B5 /* Sources */ = {
			isa = PBXSourcesBuildPhase;
			buildActionMask = 2147483647;
			files = (
				454C849A1A485B3F00DC63B5 /* NSObject+Notifications.m in Sources */,
				454C848D1A485AB000DC63B5 /* NSDate+Rails.m in Sources */,
				454C848B1A485AA400DC63B5 /* NSCache+Subscripting.m in Sources */,
				454C84881A485A9600DC63B5 /* DHReachabilityEventHandler.m in Sources */,
				454C84931A485B1D00DC63B5 /* NSObject+JSONSerialise.m in Sources */,
				454C84851A485A8400DC63B5 /* DHConfiguration.m in Sources */,
				454C84981A485B3700DC63B5 /* DHNotificationStore.m in Sources */,
				454C84831A485A7C00DC63B5 /* UIViewController+DHPrepareSegue.m in Sources */,
				454C84911A485B1600DC63B5 /* NSData+JSONDeserialise.m in Sources */,
				454C848F1A485AB800DC63B5 /* NSDateFormatter+Formatters.m in Sources */,
				454C84951A485B2600DC63B5 /* NSObject+Cast.m in Sources */,
				454C84871A485A9200DC63B5 /* DHReachability.m in Sources */,
			);
			runOnlyForDeploymentPostprocessing = 0;
		};
/* End PBXSourcesBuildPhase section */

/* Begin PBXTargetDependency section */
		076321A5179409CA00846D0D /* PBXTargetDependency */ = {
			isa = PBXTargetDependency;
			target = 07632172179409CA00846D0D /* DHFoundationTestBase */;
			targetProxy = 076321A4179409CA00846D0D /* PBXContainerItemProxy */;
		};
		454C84781A485A5600DC63B5 /* PBXTargetDependency */ = {
			isa = PBXTargetDependency;
			target = 454C84611A485A5500DC63B5 /* DHFoundationFramework */;
			targetProxy = 454C84771A485A5600DC63B5 /* PBXContainerItemProxy */;
		};
/* End PBXTargetDependency section */

/* Begin PBXVariantGroup section */
		0763217F179409CA00846D0D /* InfoPlist.strings */ = {
			isa = PBXVariantGroup;
			children = (
				07632180179409CA00846D0D /* en */,
			);
			name = InfoPlist.strings;
			sourceTree = "<group>";
		};
		07632194179409CA00846D0D /* DHMasterViewController.xib */ = {
			isa = PBXVariantGroup;
			children = (
				07632195179409CA00846D0D /* en */,
			);
			name = DHMasterViewController.xib;
			sourceTree = "<group>";
		};
		07632197179409CA00846D0D /* DHDetailViewController.xib */ = {
			isa = PBXVariantGroup;
			children = (
				07632198179409CA00846D0D /* en */,
			);
			name = DHDetailViewController.xib;
			sourceTree = "<group>";
		};
		076321A9179409CA00846D0D /* InfoPlist.strings */ = {
			isa = PBXVariantGroup;
			children = (
				076321AA179409CA00846D0D /* en */,
			);
			name = InfoPlist.strings;
			sourceTree = "<group>";
		};
/* End PBXVariantGroup section */

/* Begin XCBuildConfiguration section */
		076321AF179409CA00846D0D /* Debug */ = {
			isa = XCBuildConfiguration;
			buildSettings = {
				ALWAYS_SEARCH_USER_PATHS = NO;
				CLANG_CXX_LANGUAGE_STANDARD = "gnu++0x";
				CLANG_CXX_LIBRARY = "libc++";
				CLANG_ENABLE_MODULES = YES;
				CLANG_ENABLE_OBJC_ARC = YES;
				CLANG_WARN_CONSTANT_CONVERSION = YES;
				CLANG_WARN_EMPTY_BODY = YES;
				CLANG_WARN_ENUM_CONVERSION = YES;
				CLANG_WARN_INT_CONVERSION = YES;
				CLANG_WARN__DUPLICATE_METHOD_MATCH = YES;
				"CODE_SIGN_IDENTITY[sdk=iphoneos*]" = "iPhone Developer";
				COPY_PHASE_STRIP = NO;
				GCC_C_LANGUAGE_STANDARD = gnu99;
				GCC_DYNAMIC_NO_PIC = NO;
				GCC_OPTIMIZATION_LEVEL = 0;
				GCC_PREPROCESSOR_DEFINITIONS = (
					"DEBUG=1",
					"$(inherited)",
				);
				GCC_SYMBOLS_PRIVATE_EXTERN = NO;
				GCC_WARN_ABOUT_RETURN_TYPE = YES;
				GCC_WARN_UNINITIALIZED_AUTOS = YES;
				GCC_WARN_UNUSED_VARIABLE = YES;
				IPHONEOS_DEPLOYMENT_TARGET = 6.1;
				ONLY_ACTIVE_ARCH = YES;
				SDKROOT = iphoneos;
			};
			name = Debug;
		};
		076321B0179409CA00846D0D /* Release */ = {
			isa = XCBuildConfiguration;
			buildSettings = {
				ALWAYS_SEARCH_USER_PATHS = NO;
				CLANG_CXX_LANGUAGE_STANDARD = "gnu++0x";
				CLANG_CXX_LIBRARY = "libc++";
				CLANG_ENABLE_MODULES = YES;
				CLANG_ENABLE_OBJC_ARC = YES;
				CLANG_WARN_CONSTANT_CONVERSION = YES;
				CLANG_WARN_EMPTY_BODY = YES;
				CLANG_WARN_ENUM_CONVERSION = YES;
				CLANG_WARN_INT_CONVERSION = YES;
				CLANG_WARN__DUPLICATE_METHOD_MATCH = YES;
				"CODE_SIGN_IDENTITY[sdk=iphoneos*]" = "iPhone Developer";
				COPY_PHASE_STRIP = YES;
				GCC_C_LANGUAGE_STANDARD = gnu99;
				GCC_WARN_ABOUT_RETURN_TYPE = YES;
				GCC_WARN_UNINITIALIZED_AUTOS = YES;
				GCC_WARN_UNUSED_VARIABLE = YES;
				IPHONEOS_DEPLOYMENT_TARGET = 6.1;
				OTHER_CFLAGS = "-DNS_BLOCK_ASSERTIONS=1";
				SDKROOT = iphoneos;
				VALIDATE_PRODUCT = YES;
			};
			name = Release;
		};
		076321B2179409CA00846D0D /* Debug */ = {
			isa = XCBuildConfiguration;
			buildSettings = {
				ASSETCATALOG_COMPILER_APPICON_NAME = AppIcon;
				ASSETCATALOG_COMPILER_LAUNCHIMAGE_NAME = LaunchImage;
				CODE_SIGN_IDENTITY = "iPhone Developer";
				GCC_PRECOMPILE_PREFIX_HEADER = YES;
				GCC_PREFIX_HEADER = "DHFoundationTestBase/DHFoundation-Prefix.pch";
				INFOPLIST_FILE = "DHFoundationTestBase/DHFoundation-Info.plist";
				IPHONEOS_DEPLOYMENT_TARGET = 8.1;
				LD_RUNPATH_SEARCH_PATHS = "$(inherited) @executable_path/Frameworks";
				OTHER_LDFLAGS = "-ObjC";
				PRODUCT_NAME = DHFoundationTestBase;
				WRAPPER_EXTENSION = app;
			};
			name = Debug;
		};
		076321B3179409CA00846D0D /* Release */ = {
			isa = XCBuildConfiguration;
			buildSettings = {
				ASSETCATALOG_COMPILER_APPICON_NAME = AppIcon;
				ASSETCATALOG_COMPILER_LAUNCHIMAGE_NAME = LaunchImage;
				CODE_SIGN_IDENTITY = "iPhone Developer";
				GCC_PRECOMPILE_PREFIX_HEADER = YES;
				GCC_PREFIX_HEADER = "DHFoundationTestBase/DHFoundation-Prefix.pch";
				INFOPLIST_FILE = "DHFoundationTestBase/DHFoundation-Info.plist";
				IPHONEOS_DEPLOYMENT_TARGET = 8.1;
				LD_RUNPATH_SEARCH_PATHS = "$(inherited) @executable_path/Frameworks";
				OTHER_LDFLAGS = "-ObjC";
				PRODUCT_NAME = DHFoundationTestBase;
				WRAPPER_EXTENSION = app;
			};
			name = Release;
		};
		076321B5179409CA00846D0D /* Debug */ = {
			isa = XCBuildConfiguration;
			buildSettings = {
				BUNDLE_LOADER = "$(BUILT_PRODUCTS_DIR)/DHFoundationTestBase.app/DHFoundationTestBase";
				CLANG_ENABLE_MODULES = YES;
				FRAMEWORK_SEARCH_PATHS = (
					"\"$(SDKROOT)/Developer/Library/Frameworks\"",
					"\"$(DEVELOPER_LIBRARY_DIR)/Frameworks\"",
					"\"$(SRCROOT)/DHFoundationTests\"",
					"$(inherited)",
				);
				GCC_PRECOMPILE_PREFIX_HEADER = YES;
				GCC_PREFIX_HEADER = "DHFoundationTestBase/DHFoundation-Prefix.pch";
				INFOPLIST_FILE = "DHFoundationTests/DHFoundationTests-Info.plist";
				IPHONEOS_DEPLOYMENT_TARGET = 8.1;
				OTHER_LDFLAGS = (
					"-all_load",
					"-ObjC",
					"-framework",
					CoreData,
				);
				PRODUCT_NAME = DHFoundationTests;
				TEST_HOST = "$(BUNDLE_LOADER)";
			};
			name = Debug;
		};
		076321B6179409CA00846D0D /* Release */ = {
			isa = XCBuildConfiguration;
			buildSettings = {
				BUNDLE_LOADER = "$(BUILT_PRODUCTS_DIR)/DHFoundationTestBase.app/DHFoundationTestBase";
				CLANG_ENABLE_MODULES = YES;
				FRAMEWORK_SEARCH_PATHS = (
					"\"$(SDKROOT)/Developer/Library/Frameworks\"",
					"\"$(DEVELOPER_LIBRARY_DIR)/Frameworks\"",
					"\"$(SRCROOT)/DHFoundationTests\"",
					"$(inherited)",
				);
				GCC_PRECOMPILE_PREFIX_HEADER = YES;
				GCC_PREFIX_HEADER = "DHFoundationTestBase/DHFoundation-Prefix.pch";
				INFOPLIST_FILE = "DHFoundationTests/DHFoundationTests-Info.plist";
				IPHONEOS_DEPLOYMENT_TARGET = 8.1;
				OTHER_LDFLAGS = (
					"-all_load",
					"-ObjC",
					"-framework",
					CoreData,
				);
				PRODUCT_NAME = DHFoundationTests;
				TEST_HOST = "$(BUNDLE_LOADER)";
			};
			name = Release;
		};
		450A4B771A31B293001D9577 /* Debug */ = {
			isa = XCBuildConfiguration;
			buildSettings = {
				PRODUCT_NAME = "$(TARGET_NAME)";
			};
			name = Debug;
		};
		450A4B781A31B293001D9577 /* Release */ = {
			isa = XCBuildConfiguration;
			buildSettings = {
				PRODUCT_NAME = "$(TARGET_NAME)";
			};
			name = Release;
		};
		454C847B1A485A5600DC63B5 /* Debug */ = {
			isa = XCBuildConfiguration;
			buildSettings = {
				CLANG_WARN_BOOL_CONVERSION = YES;
				CLANG_WARN_DIRECT_OBJC_ISA_USAGE = YES_ERROR;
				CLANG_WARN_OBJC_ROOT_CLASS = YES_ERROR;
				CLANG_WARN_UNREACHABLE_CODE = YES;
				CODE_SIGN_IDENTITY = "iPhone Developer";
				CURRENT_PROJECT_VERSION = 1;
				DEFINES_MODULE = YES;
				DYLIB_COMPATIBILITY_VERSION = 1;
				DYLIB_CURRENT_VERSION = 1;
				DYLIB_INSTALL_NAME_BASE = "@rpath";
				ENABLE_STRICT_OBJC_MSGSEND = YES;
				GCC_GENERATE_TEST_COVERAGE_FILES = YES;
				GCC_INSTRUMENT_PROGRAM_FLOW_ARCS = YES;
				GCC_PREPROCESSOR_DEFINITIONS = (
					"DEBUG=1",
					"$(inherited)",
				);
				GCC_WARN_64_TO_32_BIT_CONVERSION = YES;
				GCC_WARN_ABOUT_RETURN_TYPE = YES_ERROR;
				GCC_WARN_UNDECLARED_SELECTOR = YES;
				GCC_WARN_UNINITIALIZED_AUTOS = YES_AGGRESSIVE;
				GCC_WARN_UNUSED_FUNCTION = YES;
				INFOPLIST_FILE = DHFoundationFramework/Info.plist;
				INSTALL_PATH = "$(LOCAL_LIBRARY_DIR)/Frameworks";
				IPHONEOS_DEPLOYMENT_TARGET = 8.1;
				LD_RUNPATH_SEARCH_PATHS = "$(inherited) @executable_path/Frameworks @loader_path/Frameworks";
				MTL_ENABLE_DEBUG_INFO = YES;
				PRODUCT_NAME = DHFoundation;
				SKIP_INSTALL = YES;
				TARGETED_DEVICE_FAMILY = "1,2";
				VERSIONING_SYSTEM = "apple-generic";
				VERSION_INFO_PREFIX = "";
			};
			name = Debug;
		};
		454C847C1A485A5600DC63B5 /* Release */ = {
			isa = XCBuildConfiguration;
			buildSettings = {
				CLANG_WARN_BOOL_CONVERSION = YES;
				CLANG_WARN_DIRECT_OBJC_ISA_USAGE = YES_ERROR;
				CLANG_WARN_OBJC_ROOT_CLASS = YES_ERROR;
				CLANG_WARN_UNREACHABLE_CODE = YES;
				CODE_SIGN_IDENTITY = "iPhone Developer";
				CURRENT_PROJECT_VERSION = 1;
				DEFINES_MODULE = YES;
				DYLIB_COMPATIBILITY_VERSION = 1;
				DYLIB_CURRENT_VERSION = 1;
				DYLIB_INSTALL_NAME_BASE = "@rpath";
				ENABLE_NS_ASSERTIONS = NO;
				ENABLE_STRICT_OBJC_MSGSEND = YES;
				GCC_WARN_64_TO_32_BIT_CONVERSION = YES;
				GCC_WARN_ABOUT_RETURN_TYPE = YES_ERROR;
				GCC_WARN_UNDECLARED_SELECTOR = YES;
				GCC_WARN_UNINITIALIZED_AUTOS = YES_AGGRESSIVE;
				GCC_WARN_UNUSED_FUNCTION = YES;
				INFOPLIST_FILE = DHFoundationFramework/Info.plist;
				INSTALL_PATH = "$(LOCAL_LIBRARY_DIR)/Frameworks";
				IPHONEOS_DEPLOYMENT_TARGET = 8.1;
				LD_RUNPATH_SEARCH_PATHS = "$(inherited) @executable_path/Frameworks @loader_path/Frameworks";
				MTL_ENABLE_DEBUG_INFO = NO;
				PRODUCT_NAME = DHFoundation;
				SKIP_INSTALL = YES;
				TARGETED_DEVICE_FAMILY = "1,2";
				VERSIONING_SYSTEM = "apple-generic";
				VERSION_INFO_PREFIX = "";
			};
			name = Release;
		};
		45E284061A8E3473007F5D85 /* Debug */ = {
			isa = XCBuildConfiguration;
			buildSettings = {
				PRODUCT_NAME = "$(TARGET_NAME)";
			};
			name = Debug;
		};
		45E284071A8E3473007F5D85 /* Release */ = {
			isa = XCBuildConfiguration;
			buildSettings = {
				PRODUCT_NAME = "$(TARGET_NAME)";
			};
			name = Release;
		};
/* End XCBuildConfiguration section */

/* Begin XCConfigurationList section */
		0763216E179409CA00846D0D /* Build configuration list for PBXProject "DHFoundation" */ = {
			isa = XCConfigurationList;
			buildConfigurations = (
				076321AF179409CA00846D0D /* Debug */,
				076321B0179409CA00846D0D /* Release */,
			);
			defaultConfigurationIsVisible = 0;
			defaultConfigurationName = Release;
		};
		076321B1179409CA00846D0D /* Build configuration list for PBXNativeTarget "DHFoundationTestBase" */ = {
			isa = XCConfigurationList;
			buildConfigurations = (
				076321B2179409CA00846D0D /* Debug */,
				076321B3179409CA00846D0D /* Release */,
			);
			defaultConfigurationIsVisible = 0;
			defaultConfigurationName = Release;
		};
		076321B4179409CA00846D0D /* Build configuration list for PBXNativeTarget "DHFoundationTests" */ = {
			isa = XCConfigurationList;
			buildConfigurations = (
				076321B5179409CA00846D0D /* Debug */,
				076321B6179409CA00846D0D /* Release */,
			);
			defaultConfigurationIsVisible = 0;
			defaultConfigurationName = Release;
		};
		450A4B791A31B293001D9577 /* Build configuration list for PBXAggregateTarget "documentation" */ = {
			isa = XCConfigurationList;
			buildConfigurations = (
				450A4B771A31B293001D9577 /* Debug */,
				450A4B781A31B293001D9577 /* Release */,
			);
			defaultConfigurationIsVisible = 0;
			defaultConfigurationName = Release;
		};
		454C847F1A485A5600DC63B5 /* Build configuration list for PBXNativeTarget "DHFoundationFramework" */ = {
			isa = XCConfigurationList;
			buildConfigurations = (
				454C847B1A485A5600DC63B5 /* Debug */,
				454C847C1A485A5600DC63B5 /* Release */,
			);
			defaultConfigurationIsVisible = 0;
			defaultConfigurationName = Release;
		};
		45E284081A8E3473007F5D85 /* Build configuration list for PBXAggregateTarget "universaldynamicframework" */ = {
			isa = XCConfigurationList;
			buildConfigurations = (
				45E284061A8E3473007F5D85 /* Debug */,
				45E284071A8E3473007F5D85 /* Release */,
			);
			defaultConfigurationIsVisible = 0;
			defaultConfigurationName = Release;
		};
/* End XCConfigurationList section */
	};
	rootObject = 0763216B179409CA00846D0D /* Project object */;
}
